{
  "name": "thousandjs.github.io",
  "lockfileVersion": 3,
  "requires": true,
  "packages": {
    "": {
      "dependencies": {
        "thousandjs": "^1.8.12"
      }
    },
    "node_modules/thousandjs": {
      "version": "1.8.12",
      "resolved": "https://registry.npmjs.org/thousandjs/-/thousandjs-1.8.12.tgz",
      "integrity": "sha512-Bpc63qT0CaDOhjWYEegOpE6EoQ/oUkmZKscc52AqJFr4I5UNjpuTCDe0/HW2tITIrVKXLJVfpaSXUE1v7rwUvg==",
      "license": "ISC"
    }
  }
}
